// !$*UTF8*$!
{
	archiveVersion = 1;
	classes = {
	};
	objectVersion = 46;
	objects = {

/* Begin PBXBuildFile section */
		C79FCFDF210E555B006DAC06 /* SwiftKeychainWrapper.framework in Frameworks */ = {isa = PBXBuildFile; fileRef = C79FCFDE210E555B006DAC06 /* SwiftKeychainWrapper.framework */; };
		C79FCFE0210E555F006DAC06 /* SwiftKeychainWrapper.framework in Frameworks */ = {isa = PBXBuildFile; fileRef = C79FCFDE210E555B006DAC06 /* SwiftKeychainWrapper.framework */; };
		C79FCFE1210E555F006DAC06 /* SwiftKeychainWrapper.framework in Embed Frameworks */ = {isa = PBXBuildFile; fileRef = C79FCFDE210E555B006DAC06 /* SwiftKeychainWrapper.framework */; settings = {ATTRIBUTES = (CodeSignOnCopy, RemoveHeadersOnCopy, ); }; };
		C79FD029210E559C006DAC06 /* NetworkClient.swift in Sources */ = {isa = PBXBuildFile; fileRef = C79FCFE4210E559C006DAC06 /* NetworkClient.swift */; };
		C79FD02A210E559C006DAC06 /* MulticastClosureDelegate.swift in Sources */ = {isa = PBXBuildFile; fileRef = C79FCFE5210E559C006DAC06 /* MulticastClosureDelegate.swift */; };
		C79FD02B210E559C006DAC06 /* MenuTableViewController.swift in Sources */ = {isa = PBXBuildFile; fileRef = C79FCFE6210E559C006DAC06 /* MenuTableViewController.swift */; };
		C79FD02C210E559C006DAC06 /* CleaningServices.xcassets in Resources */ = {isa = PBXBuildFile; fileRef = C79FCFE7210E559C006DAC06 /* CleaningServices.xcassets */; };
		C79FD02D210E559C006DAC06 /* RoomCountViewController.swift in Sources */ = {isa = PBXBuildFile; fileRef = C79FCFE8210E559C006DAC06 /* RoomCountViewController.swift */; };
		C79FD02E210E559C006DAC06 /* HomeInfo.swift in Sources */ = {isa = PBXBuildFile; fileRef = C79FCFE9210E559C006DAC06 /* HomeInfo.swift */; };
		C79FD02F210E559C006DAC06 /* RoomCountContainerViewController.swift in Sources */ = {isa = PBXBuildFile; fileRef = C79FCFEA210E559C006DAC06 /* RoomCountContainerViewController.swift */; };
		C79FD030210E559C006DAC06 /* AuthTokenProvider.swift in Sources */ = {isa = PBXBuildFile; fileRef = C79FCFEB210E559C006DAC06 /* AuthTokenProvider.swift */; };
		C79FD031210E559C006DAC06 /* Int+HTTPStatusCode.swift in Sources */ = {isa = PBXBuildFile; fileRef = C79FCFEC210E559C006DAC06 /* Int+HTTPStatusCode.swift */; };
		C79FD032210E559C006DAC06 /* HomeInfoBuilder.swift in Sources */ = {isa = PBXBuildFile; fileRef = C79FCFED210E559C006DAC06 /* HomeInfoBuilder.swift */; };
		C79FD033210E559C006DAC06 /* BathroomCountViewController.swift in Sources */ = {isa = PBXBuildFile; fileRef = C79FCFEE210E559C006DAC06 /* BathroomCountViewController.swift */; };
		C79FD034210E559C006DAC06 /* ProductsViewController.swift in Sources */ = {isa = PBXBuildFile; fileRef = C79FCFEF210E559C006DAC06 /* ProductsViewController.swift */; };
		C79FD035210E559C006DAC06 /* HomeSquareFootageViewController.swift in Sources */ = {isa = PBXBuildFile; fileRef = C79FCFF0210E559C006DAC06 /* HomeSquareFootageViewController.swift */; };
		C79FD036210E559C006DAC06 /* CleaningServices.storyboard in Resources */ = {isa = PBXBuildFile; fileRef = C79FCFF1210E559C006DAC06 /* CleaningServices.storyboard */; };
		C79FD037210E559C006DAC06 /* QuoteRequest.swift in Sources */ = {isa = PBXBuildFile; fileRef = C79FCFF2210E559C006DAC06 /* QuoteRequest.swift */; };
		C79FD038210E559C006DAC06 /* Assets.xcassets in Resources */ = {isa = PBXBuildFile; fileRef = C79FCFF3210E559C006DAC06 /* Assets.xcassets */; };
		C79FD039210E559C006DAC06 /* Welcome.xcassets in Resources */ = {isa = PBXBuildFile; fileRef = C79FCFF4210E559C006DAC06 /* Welcome.xcassets */; };
		C79FD03A210E559C006DAC06 /* SynchronizedValue.swift in Sources */ = {isa = PBXBuildFile; fileRef = C79FCFF5210E559C006DAC06 /* SynchronizedValue.swift */; };
		C79FD03B210E559C006DAC06 /* WelcomeViewController.swift in Sources */ = {isa = PBXBuildFile; fileRef = C79FCFF6210E559C006DAC06 /* WelcomeViewController.swift */; };
		C79FD03C210E559C006DAC06 /* CleaningServicesBuilder.swift in Sources */ = {isa = PBXBuildFile; fileRef = C79FCFF7210E559C006DAC06 /* CleaningServicesBuilder.swift */; };
		C79FD03D210E559C006DAC06 /* BedroomCountViewController.swift in Sources */ = {isa = PBXBuildFile; fileRef = C79FCFF8210E559C006DAC06 /* BedroomCountViewController.swift */; };
		C79FD03E210E559C006DAC06 /* User.swift in Sources */ = {isa = PBXBuildFile; fileRef = C79FCFFA210E559C006DAC06 /* User.swift */; };
		C79FD03F210E559C006DAC06 /* Encodable.swift in Sources */ = {isa = PBXBuildFile; fileRef = C79FCFFB210E559C006DAC06 /* Encodable.swift */; };
		C79FD040210E559D006DAC06 /* AuthToken.swift in Sources */ = {isa = PBXBuildFile; fileRef = C79FCFFC210E559C006DAC06 /* AuthToken.swift */; };
		C79FD041210E559D006DAC06 /* SetNavigationRootSegue.swift in Sources */ = {isa = PBXBuildFile; fileRef = C79FCFFD210E559C006DAC06 /* SetNavigationRootSegue.swift */; };
		C79FD042210E559D006DAC06 /* HomeInfoBuilder.xcassets in Resources */ = {isa = PBXBuildFile; fileRef = C79FCFFE210E559C006DAC06 /* HomeInfoBuilder.xcassets */; };
		C79FD043210E559D006DAC06 /* LaunchScreen.storyboard in Resources */ = {isa = PBXBuildFile; fileRef = C79FCFFF210E559C006DAC06 /* LaunchScreen.storyboard */; };
		C79FD044210E559D006DAC06 /* Welcome.storyboard in Resources */ = {isa = PBXBuildFile; fileRef = C79FD001210E559C006DAC06 /* Welcome.storyboard */; };
		C79FD045210E559D006DAC06 /* Main.storyboard in Resources */ = {isa = PBXBuildFile; fileRef = C79FD003210E559C006DAC06 /* Main.storyboard */; };
		C79FD046210E559D006DAC06 /* ReviewHomeInfoViewController.swift in Sources */ = {isa = PBXBuildFile; fileRef = C79FD004210E559C006DAC06 /* ReviewHomeInfoViewController.swift */; };
		C79FD047210E559D006DAC06 /* CleaningServicesTableViewController.swift in Sources */ = {isa = PBXBuildFile; fileRef = C79FD005210E559C006DAC06 /* CleaningServicesTableViewController.swift */; };
		C79FD048210E559D006DAC06 /* ServerEnvironments.plist in Resources */ = {isa = PBXBuildFile; fileRef = C79FD006210E559C006DAC06 /* ServerEnvironments.plist */; };
		C79FD049210E559D006DAC06 /* QuoteRequestsViewController.swift in Sources */ = {isa = PBXBuildFile; fileRef = C79FD007210E559C006DAC06 /* QuoteRequestsViewController.swift */; };
		C79FD04A210E559D006DAC06 /* QuoteRequestTableViewCell.swift in Sources */ = {isa = PBXBuildFile; fileRef = C79FD008210E559C006DAC06 /* QuoteRequestTableViewCell.swift */; };
		C79FD04B210E559D006DAC06 /* StartHomeInfoViewController.swift in Sources */ = {isa = PBXBuildFile; fileRef = C79FD009210E559C006DAC06 /* StartHomeInfoViewController.swift */; };
		C79FD04C210E559D006DAC06 /* RoomSize.swift in Sources */ = {isa = PBXBuildFile; fileRef = C79FD00A210E559C006DAC06 /* RoomSize.swift */; };
		C79FD04D210E559D006DAC06 /* OtherRoomCountViewController.swift in Sources */ = {isa = PBXBuildFile; fileRef = C79FD00B210E559C006DAC06 /* OtherRoomCountViewController.swift */; };
		C79FD04E210E559D006DAC06 /* AuthClient.swift in Sources */ = {isa = PBXBuildFile; fileRef = C79FD00C210E559C006DAC06 /* AuthClient.swift */; };
		C79FD04F210E559D006DAC06 /* ProductDetailsViewController.swift in Sources */ = {isa = PBXBuildFile; fileRef = C79FD00D210E559C006DAC06 /* ProductDetailsViewController.swift */; };
		C79FD050210E559D006DAC06 /* UserViewController.swift in Sources */ = {isa = PBXBuildFile; fileRef = C79FD00E210E559C006DAC06 /* UserViewController.swift */; };
		C79FD051210E559D006DAC06 /* Product.swift in Sources */ = {isa = PBXBuildFile; fileRef = C79FD00F210E559C006DAC06 /* Product.swift */; };
		C79FD052210E559D006DAC06 /* UIViewController+LoadingHUD.swift in Sources */ = {isa = PBXBuildFile; fileRef = C79FD010210E559C006DAC06 /* UIViewController+LoadingHUD.swift */; };
		C79FD053210E559D006DAC06 /* LoadingHUD.xib in Resources */ = {isa = PBXBuildFile; fileRef = C79FD011210E559C006DAC06 /* LoadingHUD.xib */; };
		C79FD054210E559D006DAC06 /* HomeInfoViewController.swift in Sources */ = {isa = PBXBuildFile; fileRef = C79FD012210E559C006DAC06 /* HomeInfoViewController.swift */; };
		C79FD055210E559D006DAC06 /* ProductCollectionViewCell.swift in Sources */ = {isa = PBXBuildFile; fileRef = C79FD013210E559C006DAC06 /* ProductCollectionViewCell.swift */; };
		C79FD056210E559D006DAC06 /* QuoteRequestViewModel.swift in Sources */ = {isa = PBXBuildFile; fileRef = C79FD014210E559C006DAC06 /* QuoteRequestViewModel.swift */; };
		C79FD057210E559D006DAC06 /* EmailValidator.swift in Sources */ = {isa = PBXBuildFile; fileRef = C79FD016210E559C006DAC06 /* EmailValidator.swift */; };
		C79FD058210E559D006DAC06 /* AppDelegate.swift in Sources */ = {isa = PBXBuildFile; fileRef = C79FD017210E559C006DAC06 /* AppDelegate.swift */; };
		C79FD059210E559D006DAC06 /* ParentPushSegue.swift in Sources */ = {isa = PBXBuildFile; fileRef = C79FD018210E559C006DAC06 /* ParentPushSegue.swift */; };
		C79FD05A210E559D006DAC06 /* KitchenSizeViewController.swift in Sources */ = {isa = PBXBuildFile; fileRef = C79FD019210E559C006DAC06 /* KitchenSizeViewController.swift */; };
		C79FD05B210E559D006DAC06 /* LoadingHUD.swift in Sources */ = {isa = PBXBuildFile; fileRef = C79FD01A210E559C006DAC06 /* LoadingHUD.swift */; };
		C79FD05C210E559D006DAC06 /* AuthControllerDelegate.swift in Sources */ = {isa = PBXBuildFile; fileRef = C79FD01C210E559C006DAC06 /* AuthControllerDelegate.swift */; };
		C79FD05D210E559D006DAC06 /* SignInViewController.swift in Sources */ = {isa = PBXBuildFile; fileRef = C79FD01D210E559C006DAC06 /* SignInViewController.swift */; };
		C79FD05E210E559D006DAC06 /* RegisterViewController.swift in Sources */ = {isa = PBXBuildFile; fileRef = C79FD01E210E559C006DAC06 /* RegisterViewController.swift */; };
		C79FD05F210E559D006DAC06 /* AvoidKeyboardScrollView.swift in Sources */ = {isa = PBXBuildFile; fileRef = C79FD020210E559C006DAC06 /* AvoidKeyboardScrollView.swift */; };
		C79FD060210E559D006DAC06 /* Auth.storyboard in Resources */ = {isa = PBXBuildFile; fileRef = C79FD021210E559C006DAC06 /* Auth.storyboard */; };
		C79FD061210E559D006DAC06 /* WelcomePageViewController.swift in Sources */ = {isa = PBXBuildFile; fileRef = C79FD022210E559C006DAC06 /* WelcomePageViewController.swift */; };
		C79FD062210E559D006DAC06 /* NetworkError.swift in Sources */ = {isa = PBXBuildFile; fileRef = C79FD023210E559C006DAC06 /* NetworkError.swift */; };
		C79FD063210E559D006DAC06 /* CollectionViewCenterFlowLayout.swift in Sources */ = {isa = PBXBuildFile; fileRef = C79FD024210E559C006DAC06 /* CollectionViewCenterFlowLayout.swift */; };
		C79FD064210E559D006DAC06 /* HomeInfoBuilder.storyboard in Resources */ = {isa = PBXBuildFile; fileRef = C79FD025210E559C006DAC06 /* HomeInfoBuilder.storyboard */; };
		C79FD065210E559D006DAC06 /* Info.plist in Resources */ = {isa = PBXBuildFile; fileRef = C79FD026210E559C006DAC06 /* Info.plist */; };
		C79FD066210E559D006DAC06 /* UIImageView+URL.swift in Sources */ = {isa = PBXBuildFile; fileRef = C79FD027210E559C006DAC06 /* UIImageView+URL.swift */; };
		C79FD067210E559D006DAC06 /* ProductViewModel.swift in Sources */ = {isa = PBXBuildFile; fileRef = C79FD028210E559C006DAC06 /* ProductViewModel.swift */; };
/* End PBXBuildFile section */

/* Begin PBXCopyFilesBuildPhase section */
		C79FCFE2210E555F006DAC06 /* Embed Frameworks */ = {
			isa = PBXCopyFilesBuildPhase;
			buildActionMask = 2147483647;
			dstPath = "";
			dstSubfolderSpec = 10;
			files = (
				C79FCFE1210E555F006DAC06 /* SwiftKeychainWrapper.framework in Embed Frameworks */,
			);
			name = "Embed Frameworks";
			runOnlyForDeploymentPostprocessing = 0;
		};
/* End PBXCopyFilesBuildPhase section */

/* Begin PBXFileReference section */
		42208B841E6DACA500161D99 /* Image_Attributions.md */ = {isa = PBXFileReference; fileEncoding = 4; lastKnownFileType = net.daringfireball.markdown; path = Image_Attributions.md; sourceTree = SOURCE_ROOT; };
		422FEA591E675E8800AFDC41 /* RWClean.app */ = {isa = PBXFileReference; explicitFileType = wrapper.application; includeInIndex = 0; path = RWClean.app; sourceTree = BUILT_PRODUCTS_DIR; };
		C79FCFDE210E555B006DAC06 /* SwiftKeychainWrapper.framework */ = {isa = PBXFileReference; lastKnownFileType = wrapper.framework; name = SwiftKeychainWrapper.framework; path = ../Carthage/Build/iOS/SwiftKeychainWrapper.framework; sourceTree = "<group>"; };
		C79FCFE4210E559C006DAC06 /* NetworkClient.swift */ = {isa = PBXFileReference; fileEncoding = 4; lastKnownFileType = sourcecode.swift; path = NetworkClient.swift; sourceTree = "<group>"; };
		C79FCFE5210E559C006DAC06 /* MulticastClosureDelegate.swift */ = {isa = PBXFileReference; fileEncoding = 4; lastKnownFileType = sourcecode.swift; path = MulticastClosureDelegate.swift; sourceTree = "<group>"; };
		C79FCFE6210E559C006DAC06 /* MenuTableViewController.swift */ = {isa = PBXFileReference; fileEncoding = 4; lastKnownFileType = sourcecode.swift; path = MenuTableViewController.swift; sourceTree = "<group>"; };
		C79FCFE7210E559C006DAC06 /* CleaningServices.xcassets */ = {isa = PBXFileReference; lastKnownFileType = folder.assetcatalog; path = CleaningServices.xcassets; sourceTree = "<group>"; };
		C79FCFE8210E559C006DAC06 /* RoomCountViewController.swift */ = {isa = PBXFileReference; fileEncoding = 4; lastKnownFileType = sourcecode.swift; path = RoomCountViewController.swift; sourceTree = "<group>"; };
		C79FCFE9210E559C006DAC06 /* HomeInfo.swift */ = {isa = PBXFileReference; fileEncoding = 4; lastKnownFileType = sourcecode.swift; path = HomeInfo.swift; sourceTree = "<group>"; };
		C79FCFEA210E559C006DAC06 /* RoomCountContainerViewController.swift */ = {isa = PBXFileReference; fileEncoding = 4; lastKnownFileType = sourcecode.swift; path = RoomCountContainerViewController.swift; sourceTree = "<group>"; };
		C79FCFEB210E559C006DAC06 /* AuthTokenProvider.swift */ = {isa = PBXFileReference; fileEncoding = 4; lastKnownFileType = sourcecode.swift; path = AuthTokenProvider.swift; sourceTree = "<group>"; };
		C79FCFEC210E559C006DAC06 /* Int+HTTPStatusCode.swift */ = {isa = PBXFileReference; fileEncoding = 4; lastKnownFileType = sourcecode.swift; path = "Int+HTTPStatusCode.swift"; sourceTree = "<group>"; };
		C79FCFED210E559C006DAC06 /* HomeInfoBuilder.swift */ = {isa = PBXFileReference; fileEncoding = 4; lastKnownFileType = sourcecode.swift; path = HomeInfoBuilder.swift; sourceTree = "<group>"; };
		C79FCFEE210E559C006DAC06 /* BathroomCountViewController.swift */ = {isa = PBXFileReference; fileEncoding = 4; lastKnownFileType = sourcecode.swift; path = BathroomCountViewController.swift; sourceTree = "<group>"; };
		C79FCFEF210E559C006DAC06 /* ProductsViewController.swift */ = {isa = PBXFileReference; fileEncoding = 4; lastKnownFileType = sourcecode.swift; path = ProductsViewController.swift; sourceTree = "<group>"; };
		C79FCFF0210E559C006DAC06 /* HomeSquareFootageViewController.swift */ = {isa = PBXFileReference; fileEncoding = 4; lastKnownFileType = sourcecode.swift; path = HomeSquareFootageViewController.swift; sourceTree = "<group>"; };
		C79FCFF1210E559C006DAC06 /* CleaningServices.storyboard */ = {isa = PBXFileReference; fileEncoding = 4; lastKnownFileType = file.storyboard; path = CleaningServices.storyboard; sourceTree = "<group>"; };
		C79FCFF2210E559C006DAC06 /* QuoteRequest.swift */ = {isa = PBXFileReference; fileEncoding = 4; lastKnownFileType = sourcecode.swift; path = QuoteRequest.swift; sourceTree = "<group>"; };
		C79FCFF3210E559C006DAC06 /* Assets.xcassets */ = {isa = PBXFileReference; lastKnownFileType = folder.assetcatalog; path = Assets.xcassets; sourceTree = "<group>"; };
		C79FCFF4210E559C006DAC06 /* Welcome.xcassets */ = {isa = PBXFileReference; lastKnownFileType = folder.assetcatalog; path = Welcome.xcassets; sourceTree = "<group>"; };
		C79FCFF5210E559C006DAC06 /* SynchronizedValue.swift */ = {isa = PBXFileReference; fileEncoding = 4; lastKnownFileType = sourcecode.swift; path = SynchronizedValue.swift; sourceTree = "<group>"; };
		C79FCFF6210E559C006DAC06 /* WelcomeViewController.swift */ = {isa = PBXFileReference; fileEncoding = 4; lastKnownFileType = sourcecode.swift; path = WelcomeViewController.swift; sourceTree = "<group>"; };
		C79FCFF7210E559C006DAC06 /* CleaningServicesBuilder.swift */ = {isa = PBXFileReference; fileEncoding = 4; lastKnownFileType = sourcecode.swift; path = CleaningServicesBuilder.swift; sourceTree = "<group>"; };
		C79FCFF8210E559C006DAC06 /* BedroomCountViewController.swift */ = {isa = PBXFileReference; fileEncoding = 4; lastKnownFileType = sourcecode.swift; path = BedroomCountViewController.swift; sourceTree = "<group>"; };
		C79FCFFA210E559C006DAC06 /* User.swift */ = {isa = PBXFileReference; fileEncoding = 4; lastKnownFileType = sourcecode.swift; path = User.swift; sourceTree = "<group>"; };
		C79FCFFB210E559C006DAC06 /* Encodable.swift */ = {isa = PBXFileReference; fileEncoding = 4; lastKnownFileType = sourcecode.swift; path = Encodable.swift; sourceTree = "<group>"; };
		C79FCFFC210E559C006DAC06 /* AuthToken.swift */ = {isa = PBXFileReference; fileEncoding = 4; lastKnownFileType = sourcecode.swift; path = AuthToken.swift; sourceTree = "<group>"; };
		C79FCFFD210E559C006DAC06 /* SetNavigationRootSegue.swift */ = {isa = PBXFileReference; fileEncoding = 4; lastKnownFileType = sourcecode.swift; path = SetNavigationRootSegue.swift; sourceTree = "<group>"; };
		C79FCFFE210E559C006DAC06 /* HomeInfoBuilder.xcassets */ = {isa = PBXFileReference; lastKnownFileType = folder.assetcatalog; path = HomeInfoBuilder.xcassets; sourceTree = "<group>"; };
		C79FD000210E559C006DAC06 /* Base */ = {isa = PBXFileReference; lastKnownFileType = file.storyboard; name = Base; path = Base.lproj/LaunchScreen.storyboard; sourceTree = "<group>"; };
		C79FD002210E559C006DAC06 /* Base */ = {isa = PBXFileReference; lastKnownFileType = file.storyboard; name = Base; path = Base.lproj/Welcome.storyboard; sourceTree = "<group>"; };
		C79FD003210E559C006DAC06 /* Main.storyboard */ = {isa = PBXFileReference; fileEncoding = 4; lastKnownFileType = file.storyboard; path = Main.storyboard; sourceTree = "<group>"; };
		C79FD004210E559C006DAC06 /* ReviewHomeInfoViewController.swift */ = {isa = PBXFileReference; fileEncoding = 4; lastKnownFileType = sourcecode.swift; path = ReviewHomeInfoViewController.swift; sourceTree = "<group>"; };
		C79FD005210E559C006DAC06 /* CleaningServicesTableViewController.swift */ = {isa = PBXFileReference; fileEncoding = 4; lastKnownFileType = sourcecode.swift; path = CleaningServicesTableViewController.swift; sourceTree = "<group>"; };
		C79FD006210E559C006DAC06 /* ServerEnvironments.plist */ = {isa = PBXFileReference; fileEncoding = 4; lastKnownFileType = text.plist.xml; path = ServerEnvironments.plist; sourceTree = "<group>"; };
		C79FD007210E559C006DAC06 /* QuoteRequestsViewController.swift */ = {isa = PBXFileReference; fileEncoding = 4; lastKnownFileType = sourcecode.swift; path = QuoteRequestsViewController.swift; sourceTree = "<group>"; };
		C79FD008210E559C006DAC06 /* QuoteRequestTableViewCell.swift */ = {isa = PBXFileReference; fileEncoding = 4; lastKnownFileType = sourcecode.swift; path = QuoteRequestTableViewCell.swift; sourceTree = "<group>"; };
		C79FD009210E559C006DAC06 /* StartHomeInfoViewController.swift */ = {isa = PBXFileReference; fileEncoding = 4; lastKnownFileType = sourcecode.swift; path = StartHomeInfoViewController.swift; sourceTree = "<group>"; };
		C79FD00A210E559C006DAC06 /* RoomSize.swift */ = {isa = PBXFileReference; fileEncoding = 4; lastKnownFileType = sourcecode.swift; path = RoomSize.swift; sourceTree = "<group>"; };
		C79FD00B210E559C006DAC06 /* OtherRoomCountViewController.swift */ = {isa = PBXFileReference; fileEncoding = 4; lastKnownFileType = sourcecode.swift; path = OtherRoomCountViewController.swift; sourceTree = "<group>"; };
		C79FD00C210E559C006DAC06 /* AuthClient.swift */ = {isa = PBXFileReference; fileEncoding = 4; lastKnownFileType = sourcecode.swift; path = AuthClient.swift; sourceTree = "<group>"; };
		C79FD00D210E559C006DAC06 /* ProductDetailsViewController.swift */ = {isa = PBXFileReference; fileEncoding = 4; lastKnownFileType = sourcecode.swift; path = ProductDetailsViewController.swift; sourceTree = "<group>"; };
		C79FD00E210E559C006DAC06 /* UserViewController.swift */ = {isa = PBXFileReference; fileEncoding = 4; lastKnownFileType = sourcecode.swift; path = UserViewController.swift; sourceTree = "<group>"; };
		C79FD00F210E559C006DAC06 /* Product.swift */ = {isa = PBXFileReference; fileEncoding = 4; lastKnownFileType = sourcecode.swift; path = Product.swift; sourceTree = "<group>"; };
		C79FD010210E559C006DAC06 /* UIViewController+LoadingHUD.swift */ = {isa = PBXFileReference; fileEncoding = 4; lastKnownFileType = sourcecode.swift; path = "UIViewController+LoadingHUD.swift"; sourceTree = "<group>"; };
		C79FD011210E559C006DAC06 /* LoadingHUD.xib */ = {isa = PBXFileReference; fileEncoding = 4; lastKnownFileType = file.xib; path = LoadingHUD.xib; sourceTree = "<group>"; };
		C79FD012210E559C006DAC06 /* HomeInfoViewController.swift */ = {isa = PBXFileReference; fileEncoding = 4; lastKnownFileType = sourcecode.swift; path = HomeInfoViewController.swift; sourceTree = "<group>"; };
		C79FD013210E559C006DAC06 /* ProductCollectionViewCell.swift */ = {isa = PBXFileReference; fileEncoding = 4; lastKnownFileType = sourcecode.swift; path = ProductCollectionViewCell.swift; sourceTree = "<group>"; };
		C79FD014210E559C006DAC06 /* QuoteRequestViewModel.swift */ = {isa = PBXFileReference; fileEncoding = 4; lastKnownFileType = sourcecode.swift; path = QuoteRequestViewModel.swift; sourceTree = "<group>"; };
		C79FD016210E559C006DAC06 /* EmailValidator.swift */ = {isa = PBXFileReference; fileEncoding = 4; lastKnownFileType = sourcecode.swift; path = EmailValidator.swift; sourceTree = "<group>"; };
		C79FD017210E559C006DAC06 /* AppDelegate.swift */ = {isa = PBXFileReference; fileEncoding = 4; lastKnownFileType = sourcecode.swift; path = AppDelegate.swift; sourceTree = "<group>"; };
		C79FD018210E559C006DAC06 /* ParentPushSegue.swift */ = {isa = PBXFileReference; fileEncoding = 4; lastKnownFileType = sourcecode.swift; path = ParentPushSegue.swift; sourceTree = "<group>"; };
		C79FD019210E559C006DAC06 /* KitchenSizeViewController.swift */ = {isa = PBXFileReference; fileEncoding = 4; lastKnownFileType = sourcecode.swift; path = KitchenSizeViewController.swift; sourceTree = "<group>"; };
		C79FD01A210E559C006DAC06 /* LoadingHUD.swift */ = {isa = PBXFileReference; fileEncoding = 4; lastKnownFileType = sourcecode.swift; path = LoadingHUD.swift; sourceTree = "<group>"; };
		C79FD01C210E559C006DAC06 /* AuthControllerDelegate.swift */ = {isa = PBXFileReference; fileEncoding = 4; lastKnownFileType = sourcecode.swift; path = AuthControllerDelegate.swift; sourceTree = "<group>"; };
		C79FD01D210E559C006DAC06 /* SignInViewController.swift */ = {isa = PBXFileReference; fileEncoding = 4; lastKnownFileType = sourcecode.swift; path = SignInViewController.swift; sourceTree = "<group>"; };
		C79FD01E210E559C006DAC06 /* RegisterViewController.swift */ = {isa = PBXFileReference; fileEncoding = 4; lastKnownFileType = sourcecode.swift; path = RegisterViewController.swift; sourceTree = "<group>"; };
		C79FD020210E559C006DAC06 /* AvoidKeyboardScrollView.swift */ = {isa = PBXFileReference; fileEncoding = 4; lastKnownFileType = sourcecode.swift; path = AvoidKeyboardScrollView.swift; sourceTree = "<group>"; };
		C79FD021210E559C006DAC06 /* Auth.storyboard */ = {isa = PBXFileReference; fileEncoding = 4; lastKnownFileType = file.storyboard; path = Auth.storyboard; sourceTree = "<group>"; };
		C79FD022210E559C006DAC06 /* WelcomePageViewController.swift */ = {isa = PBXFileReference; fileEncoding = 4; lastKnownFileType = sourcecode.swift; path = WelcomePageViewController.swift; sourceTree = "<group>"; };
		C79FD023210E559C006DAC06 /* NetworkError.swift */ = {isa = PBXFileReference; fileEncoding = 4; lastKnownFileType = sourcecode.swift; path = NetworkError.swift; sourceTree = "<group>"; };
		C79FD024210E559C006DAC06 /* CollectionViewCenterFlowLayout.swift */ = {isa = PBXFileReference; fileEncoding = 4; lastKnownFileType = sourcecode.swift; path = CollectionViewCenterFlowLayout.swift; sourceTree = "<group>"; };
		C79FD025210E559C006DAC06 /* HomeInfoBuilder.storyboard */ = {isa = PBXFileReference; fileEncoding = 4; lastKnownFileType = file.storyboard; path = HomeInfoBuilder.storyboard; sourceTree = "<group>"; };
		C79FD026210E559C006DAC06 /* Info.plist */ = {isa = PBXFileReference; fileEncoding = 4; lastKnownFileType = text.plist.xml; path = Info.plist; sourceTree = "<group>"; };
		C79FD027210E559C006DAC06 /* UIImageView+URL.swift */ = {isa = PBXFileReference; fileEncoding = 4; lastKnownFileType = sourcecode.swift; path = "UIImageView+URL.swift"; sourceTree = "<group>"; };
		C79FD028210E559C006DAC06 /* ProductViewModel.swift */ = {isa = PBXFileReference; fileEncoding = 4; lastKnownFileType = sourcecode.swift; path = ProductViewModel.swift; sourceTree = "<group>"; };
/* End PBXFileReference section */

/* Begin PBXFrameworksBuildPhase section */
		422FEA561E675E8800AFDC41 /* Frameworks */ = {
			isa = PBXFrameworksBuildPhase;
			buildActionMask = 2147483647;
			files = (
				C79FCFE0210E555F006DAC06 /* SwiftKeychainWrapper.framework in Frameworks */,
				C79FCFDF210E555B006DAC06 /* SwiftKeychainWrapper.framework in Frameworks */,
			);
			runOnlyForDeploymentPostprocessing = 0;
		};
/* End PBXFrameworksBuildPhase section */

/* Begin PBXGroup section */
		422FEA501E675E8800AFDC41 = {
			isa = PBXGroup;
			children = (
				C79FCFE3210E559C006DAC06 /* RWClean */,
				42208B841E6DACA500161D99 /* Image_Attributions.md */,
				422FEA5A1E675E8800AFDC41 /* Products */,
				D6D14564CAE64650771BFEE5 /* Frameworks */,
			);
			sourceTree = "<group>";
		};
		422FEA5A1E675E8800AFDC41 /* Products */ = {
			isa = PBXGroup;
			children = (
				422FEA591E675E8800AFDC41 /* RWClean.app */,
			);
			name = Products;
			sourceTree = "<group>";
		};
		C79FCFE3210E559C006DAC06 /* RWClean */ = {
			isa = PBXGroup;
			children = (
				C79FCFE4210E559C006DAC06 /* NetworkClient.swift */,
				C79FCFE5210E559C006DAC06 /* MulticastClosureDelegate.swift */,
				C79FCFE6210E559C006DAC06 /* MenuTableViewController.swift */,
				C79FCFE7210E559C006DAC06 /* CleaningServices.xcassets */,
				C79FCFE8210E559C006DAC06 /* RoomCountViewController.swift */,
				C79FCFE9210E559C006DAC06 /* HomeInfo.swift */,
				C79FCFEA210E559C006DAC06 /* RoomCountContainerViewController.swift */,
				C79FCFEB210E559C006DAC06 /* AuthTokenProvider.swift */,
				C79FCFEC210E559C006DAC06 /* Int+HTTPStatusCode.swift */,
				C79FCFED210E559C006DAC06 /* HomeInfoBuilder.swift */,
				C79FCFEE210E559C006DAC06 /* BathroomCountViewController.swift */,
				C79FCFEF210E559C006DAC06 /* ProductsViewController.swift */,
				C79FCFF0210E559C006DAC06 /* HomeSquareFootageViewController.swift */,
				C79FCFF1210E559C006DAC06 /* CleaningServices.storyboard */,
				C79FCFF2210E559C006DAC06 /* QuoteRequest.swift */,
				C79FCFF3210E559C006DAC06 /* Assets.xcassets */,
				C79FCFF4210E559C006DAC06 /* Welcome.xcassets */,
				C79FCFF5210E559C006DAC06 /* SynchronizedValue.swift */,
				C79FCFF6210E559C006DAC06 /* WelcomeViewController.swift */,
				C79FCFF7210E559C006DAC06 /* CleaningServicesBuilder.swift */,
				C79FCFF8210E559C006DAC06 /* BedroomCountViewController.swift */,
				C79FCFF9210E559C006DAC06 /* Models */,
				C79FCFFD210E559C006DAC06 /* SetNavigationRootSegue.swift */,
				C79FCFFE210E559C006DAC06 /* HomeInfoBuilder.xcassets */,
				C79FCFFF210E559C006DAC06 /* LaunchScreen.storyboard */,
				C79FD001210E559C006DAC06 /* Welcome.storyboard */,
				C79FD003210E559C006DAC06 /* Main.storyboard */,
				C79FD004210E559C006DAC06 /* ReviewHomeInfoViewController.swift */,
				C79FD005210E559C006DAC06 /* CleaningServicesTableViewController.swift */,
				C79FD006210E559C006DAC06 /* ServerEnvironments.plist */,
				C79FD007210E559C006DAC06 /* QuoteRequestsViewController.swift */,
				C79FD008210E559C006DAC06 /* QuoteRequestTableViewCell.swift */,
				C79FD009210E559C006DAC06 /* StartHomeInfoViewController.swift */,
				C79FD00A210E559C006DAC06 /* RoomSize.swift */,
				C79FD00B210E559C006DAC06 /* OtherRoomCountViewController.swift */,
				C79FD00C210E559C006DAC06 /* AuthClient.swift */,
				C79FD00D210E559C006DAC06 /* ProductDetailsViewController.swift */,
				C79FD00E210E559C006DAC06 /* UserViewController.swift */,
				C79FD00F210E559C006DAC06 /* Product.swift */,
				C79FD010210E559C006DAC06 /* UIViewController+LoadingHUD.swift */,
				C79FD011210E559C006DAC06 /* LoadingHUD.xib */,
				C79FD012210E559C006DAC06 /* HomeInfoViewController.swift */,
				C79FD013210E559C006DAC06 /* ProductCollectionViewCell.swift */,
				C79FD014210E559C006DAC06 /* QuoteRequestViewModel.swift */,
				C79FD015210E559C006DAC06 /* Validators */,
				C79FD017210E559C006DAC06 /* AppDelegate.swift */,
				C79FD018210E559C006DAC06 /* ParentPushSegue.swift */,
				C79FD019210E559C006DAC06 /* KitchenSizeViewController.swift */,
				C79FD01A210E559C006DAC06 /* LoadingHUD.swift */,
				C79FD01B210E559C006DAC06 /* Controllers */,
				C79FD01F210E559C006DAC06 /* Views */,
				C79FD022210E559C006DAC06 /* WelcomePageViewController.swift */,
				C79FD023210E559C006DAC06 /* NetworkError.swift */,
				C79FD024210E559C006DAC06 /* CollectionViewCenterFlowLayout.swift */,
				C79FD025210E559C006DAC06 /* HomeInfoBuilder.storyboard */,
				C79FD026210E559C006DAC06 /* Info.plist */,
				C79FD027210E559C006DAC06 /* UIImageView+URL.swift */,
				C79FD028210E559C006DAC06 /* ProductViewModel.swift */,
			);
			path = RWClean;
			sourceTree = "<group>";
		};
		C79FCFF9210E559C006DAC06 /* Models */ = {
			isa = PBXGroup;
			children = (
				C79FCFFA210E559C006DAC06 /* User.swift */,
				C79FCFFB210E559C006DAC06 /* Encodable.swift */,
				C79FCFFC210E559C006DAC06 /* AuthToken.swift */,
			);
			path = Models;
			sourceTree = "<group>";
		};
		C79FD015210E559C006DAC06 /* Validators */ = {
			isa = PBXGroup;
			children = (
				C79FD016210E559C006DAC06 /* EmailValidator.swift */,
			);
			path = Validators;
			sourceTree = "<group>";
		};
		C79FD01B210E559C006DAC06 /* Controllers */ = {
			isa = PBXGroup;
			children = (
				C79FD01C210E559C006DAC06 /* AuthControllerDelegate.swift */,
				C79FD01D210E559C006DAC06 /* SignInViewController.swift */,
				C79FD01E210E559C006DAC06 /* RegisterViewController.swift */,
			);
			path = Controllers;
			sourceTree = "<group>";
		};
		C79FD01F210E559C006DAC06 /* Views */ = {
			isa = PBXGroup;
			children = (
				C79FD020210E559C006DAC06 /* AvoidKeyboardScrollView.swift */,
				C79FD021210E559C006DAC06 /* Auth.storyboard */,
			);
			path = Views;
			sourceTree = "<group>";
		};
		D6D14564CAE64650771BFEE5 /* Frameworks */ = {
			isa = PBXGroup;
			children = (
				C79FCFDE210E555B006DAC06 /* SwiftKeychainWrapper.framework */,
			);
			name = Frameworks;
			sourceTree = "<group>";
		};
/* End PBXGroup section */

/* Begin PBXNativeTarget section */
		422FEA581E675E8800AFDC41 /* RWClean */ = {
			isa = PBXNativeTarget;
			buildConfigurationList = 422FEA6B1E675E8800AFDC41 /* Build configuration list for PBXNativeTarget "RWClean" */;
			buildPhases = (
				422FEA551E675E8800AFDC41 /* Sources */,
				422FEA561E675E8800AFDC41 /* Frameworks */,
				422FEA571E675E8800AFDC41 /* Resources */,
				C79FCFE2210E555F006DAC06 /* Embed Frameworks */,
			);
			buildRules = (
			);
			dependencies = (
			);
			name = RWClean;
			productName = RWClean;
			productReference = 422FEA591E675E8800AFDC41 /* RWClean.app */;
			productType = "com.apple.product-type.application";
		};
/* End PBXNativeTarget section */

/* Begin PBXProject section */
		422FEA511E675E8800AFDC41 /* Project object */ = {
			isa = PBXProject;
			attributes = {
				LastSwiftUpdateCheck = 0820;
				LastUpgradeCheck = 0820;
				ORGANIZATIONNAME = "Razeware, LLC";
				TargetAttributes = {
					422FEA581E675E8800AFDC41 = {
						CreatedOnToolsVersion = 8.2.1;
						ProvisioningStyle = Manual;
					};
				};
			};
			buildConfigurationList = 422FEA541E675E8800AFDC41 /* Build configuration list for PBXProject "RWClean" */;
			compatibilityVersion = "Xcode 3.2";
			developmentRegion = English;
			hasScannedForEncodings = 0;
			knownRegions = (
				en,
				Base,
			);
			mainGroup = 422FEA501E675E8800AFDC41;
			productRefGroup = 422FEA5A1E675E8800AFDC41 /* Products */;
			projectDirPath = "";
			projectRoot = "";
			targets = (
				422FEA581E675E8800AFDC41 /* RWClean */,
			);
		};
/* End PBXProject section */

/* Begin PBXResourcesBuildPhase section */
		422FEA571E675E8800AFDC41 /* Resources */ = {
			isa = PBXResourcesBuildPhase;
			buildActionMask = 2147483647;
			files = (
				C79FD036210E559C006DAC06 /* CleaningServices.storyboard in Resources */,
				C79FD048210E559D006DAC06 /* ServerEnvironments.plist in Resources */,
				C79FD064210E559D006DAC06 /* HomeInfoBuilder.storyboard in Resources */,
				C79FD038210E559C006DAC06 /* Assets.xcassets in Resources */,
				C79FD039210E559C006DAC06 /* Welcome.xcassets in Resources */,
				C79FD043210E559D006DAC06 /* LaunchScreen.storyboard in Resources */,
				C79FD053210E559D006DAC06 /* LoadingHUD.xib in Resources */,
				C79FD045210E559D006DAC06 /* Main.storyboard in Resources */,
				C79FD042210E559D006DAC06 /* HomeInfoBuilder.xcassets in Resources */,
				C79FD02C210E559C006DAC06 /* CleaningServices.xcassets in Resources */,
				C79FD044210E559D006DAC06 /* Welcome.storyboard in Resources */,
				C79FD060210E559D006DAC06 /* Auth.storyboard in Resources */,
				C79FD065210E559D006DAC06 /* Info.plist in Resources */,
			);
			runOnlyForDeploymentPostprocessing = 0;
		};
/* End PBXResourcesBuildPhase section */

/* Begin PBXSourcesBuildPhase section */
		422FEA551E675E8800AFDC41 /* Sources */ = {
			isa = PBXSourcesBuildPhase;
			buildActionMask = 2147483647;
			files = (
				C79FD058210E559D006DAC06 /* AppDelegate.swift in Sources */,
				C79FD033210E559C006DAC06 /* BathroomCountViewController.swift in Sources */,
				C79FD03C210E559C006DAC06 /* CleaningServicesBuilder.swift in Sources */,
				C79FD054210E559D006DAC06 /* HomeInfoViewController.swift in Sources */,
				C79FD05B210E559D006DAC06 /* LoadingHUD.swift in Sources */,
				C79FD032210E559C006DAC06 /* HomeInfoBuilder.swift in Sources */,
				C79FD05F210E559D006DAC06 /* AvoidKeyboardScrollView.swift in Sources */,
				C79FD03B210E559C006DAC06 /* WelcomeViewController.swift in Sources */,
				C79FD037210E559C006DAC06 /* QuoteRequest.swift in Sources */,
				C79FD031210E559C006DAC06 /* Int+HTTPStatusCode.swift in Sources */,
				C79FD029210E559C006DAC06 /* NetworkClient.swift in Sources */,
				C79FD02F210E559C006DAC06 /* RoomCountContainerViewController.swift in Sources */,
				C79FD056210E559D006DAC06 /* QuoteRequestViewModel.swift in Sources */,
				C79FD02A210E559C006DAC06 /* MulticastClosureDelegate.swift in Sources */,
				C79FD05A210E559D006DAC06 /* KitchenSizeViewController.swift in Sources */,
				C79FD052210E559D006DAC06 /* UIViewController+LoadingHUD.swift in Sources */,
				C79FD04A210E559D006DAC06 /* QuoteRequestTableViewCell.swift in Sources */,
				C79FD02E210E559C006DAC06 /* HomeInfo.swift in Sources */,
				C79FD05E210E559D006DAC06 /* RegisterViewController.swift in Sources */,
				C79FD03E210E559C006DAC06 /* User.swift in Sources */,
				C79FD061210E559D006DAC06 /* WelcomePageViewController.swift in Sources */,
				C79FD062210E559D006DAC06 /* NetworkError.swift in Sources */,
				C79FD04D210E559D006DAC06 /* OtherRoomCountViewController.swift in Sources */,
				C79FD055210E559D006DAC06 /* ProductCollectionViewCell.swift in Sources */,
				C79FD047210E559D006DAC06 /* CleaningServicesTableViewController.swift in Sources */,
				C79FD040210E559D006DAC06 /* AuthToken.swift in Sources */,
				C79FD05C210E559D006DAC06 /* AuthControllerDelegate.swift in Sources */,
				C79FD041210E559D006DAC06 /* SetNavigationRootSegue.swift in Sources */,
				C79FD02B210E559C006DAC06 /* MenuTableViewController.swift in Sources */,
				C79FD03F210E559C006DAC06 /* Encodable.swift in Sources */,
				C79FD057210E559D006DAC06 /* EmailValidator.swift in Sources */,
				C79FD035210E559C006DAC06 /* HomeSquareFootageViewController.swift in Sources */,
				C79FD050210E559D006DAC06 /* UserViewController.swift in Sources */,
				C79FD030210E559C006DAC06 /* AuthTokenProvider.swift in Sources */,
				C79FD03A210E559C006DAC06 /* SynchronizedValue.swift in Sources */,
				C79FD046210E559D006DAC06 /* ReviewHomeInfoViewController.swift in Sources */,
				C79FD067210E559D006DAC06 /* ProductViewModel.swift in Sources */,
				C79FD051210E559D006DAC06 /* Product.swift in Sources */,
				C79FD063210E559D006DAC06 /* CollectionViewCenterFlowLayout.swift in Sources */,
				C79FD04F210E559D006DAC06 /* ProductDetailsViewController.swift in Sources */,
				C79FD04E210E559D006DAC06 /* AuthClient.swift in Sources */,
				C79FD04B210E559D006DAC06 /* StartHomeInfoViewController.swift in Sources */,
				C79FD049210E559D006DAC06 /* QuoteRequestsViewController.swift in Sources */,
				C79FD066210E559D006DAC06 /* UIImageView+URL.swift in Sources */,
				C79FD04C210E559D006DAC06 /* RoomSize.swift in Sources */,
				C79FD034210E559C006DAC06 /* ProductsViewController.swift in Sources */,
				C79FD05D210E559D006DAC06 /* SignInViewController.swift in Sources */,
				C79FD03D210E559C006DAC06 /* BedroomCountViewController.swift in Sources */,
				C79FD059210E559D006DAC06 /* ParentPushSegue.swift in Sources */,
				C79FD02D210E559C006DAC06 /* RoomCountViewController.swift in Sources */,
			);
			runOnlyForDeploymentPostprocessing = 0;
		};
/* End PBXSourcesBuildPhase section */

/* Begin PBXVariantGroup section */
		C79FCFFF210E559C006DAC06 /* LaunchScreen.storyboard */ = {
			isa = PBXVariantGroup;
			children = (
				C79FD000210E559C006DAC06 /* Base */,
			);
			name = LaunchScreen.storyboard;
			sourceTree = "<group>";
		};
		C79FD001210E559C006DAC06 /* Welcome.storyboard */ = {
			isa = PBXVariantGroup;
			children = (
				C79FD002210E559C006DAC06 /* Base */,
			);
			name = Welcome.storyboard;
			sourceTree = "<group>";
		};
/* End PBXVariantGroup section */

/* Begin XCBuildConfiguration section */
		422FEA691E675E8800AFDC41 /* Debug */ = {
			isa = XCBuildConfiguration;
			buildSettings = {
				ALWAYS_SEARCH_USER_PATHS = NO;
				CLANG_ANALYZER_NONNULL = YES;
				CLANG_CXX_LANGUAGE_STANDARD = "gnu++0x";
				CLANG_CXX_LIBRARY = "libc++";
				CLANG_ENABLE_MODULES = YES;
				CLANG_ENABLE_OBJC_ARC = YES;
				CLANG_WARN_BOOL_CONVERSION = YES;
				CLANG_WARN_CONSTANT_CONVERSION = YES;
				CLANG_WARN_DIRECT_OBJC_ISA_USAGE = YES_ERROR;
				CLANG_WARN_DOCUMENTATION_COMMENTS = YES;
				CLANG_WARN_EMPTY_BODY = YES;
				CLANG_WARN_ENUM_CONVERSION = YES;
				CLANG_WARN_INFINITE_RECURSION = YES;
				CLANG_WARN_INT_CONVERSION = YES;
				CLANG_WARN_OBJC_ROOT_CLASS = YES_ERROR;
				CLANG_WARN_SUSPICIOUS_MOVE = YES;
				CLANG_WARN_UNREACHABLE_CODE = YES;
				CLANG_WARN__DUPLICATE_METHOD_MATCH = YES;
				"CODE_SIGN_IDENTITY[sdk=iphoneos*]" = "iPhone Developer";
				COPY_PHASE_STRIP = NO;
				DEBUG_INFORMATION_FORMAT = dwarf;
				ENABLE_STRICT_OBJC_MSGSEND = YES;
				ENABLE_TESTABILITY = YES;
				GCC_C_LANGUAGE_STANDARD = gnu99;
				GCC_DYNAMIC_NO_PIC = NO;
				GCC_NO_COMMON_BLOCKS = YES;
				GCC_OPTIMIZATION_LEVEL = 0;
				GCC_PREPROCESSOR_DEFINITIONS = (
					"DEBUG=1",
					"$(inherited)",
				);
				GCC_WARN_64_TO_32_BIT_CONVERSION = YES;
				GCC_WARN_ABOUT_RETURN_TYPE = YES_ERROR;
				GCC_WARN_UNDECLARED_SELECTOR = YES;
				GCC_WARN_UNINITIALIZED_AUTOS = YES_AGGRESSIVE;
				GCC_WARN_UNUSED_FUNCTION = YES;
				GCC_WARN_UNUSED_VARIABLE = YES;
				IPHONEOS_DEPLOYMENT_TARGET = 10.0;
				MTL_ENABLE_DEBUG_INFO = YES;
				ONLY_ACTIVE_ARCH = YES;
				SDKROOT = iphoneos;
				SWIFT_ACTIVE_COMPILATION_CONDITIONS = DEBUG;
				SWIFT_OPTIMIZATION_LEVEL = "-Onone";
			};
			name = Debug;
		};
		422FEA6A1E675E8800AFDC41 /* Release */ = {
			isa = XCBuildConfiguration;
			buildSettings = {
				ALWAYS_SEARCH_USER_PATHS = NO;
				CLANG_ANALYZER_NONNULL = YES;
				CLANG_CXX_LANGUAGE_STANDARD = "gnu++0x";
				CLANG_CXX_LIBRARY = "libc++";
				CLANG_ENABLE_MODULES = YES;
				CLANG_ENABLE_OBJC_ARC = YES;
				CLANG_WARN_BOOL_CONVERSION = YES;
				CLANG_WARN_CONSTANT_CONVERSION = YES;
				CLANG_WARN_DIRECT_OBJC_ISA_USAGE = YES_ERROR;
				CLANG_WARN_DOCUMENTATION_COMMENTS = YES;
				CLANG_WARN_EMPTY_BODY = YES;
				CLANG_WARN_ENUM_CONVERSION = YES;
				CLANG_WARN_INFINITE_RECURSION = YES;
				CLANG_WARN_INT_CONVERSION = YES;
				CLANG_WARN_OBJC_ROOT_CLASS = YES_ERROR;
				CLANG_WARN_SUSPICIOUS_MOVE = YES;
				CLANG_WARN_UNREACHABLE_CODE = YES;
				CLANG_WARN__DUPLICATE_METHOD_MATCH = YES;
				"CODE_SIGN_IDENTITY[sdk=iphoneos*]" = "iPhone Developer";
				COPY_PHASE_STRIP = NO;
				DEBUG_INFORMATION_FORMAT = "dwarf-with-dsym";
				ENABLE_NS_ASSERTIONS = NO;
				ENABLE_STRICT_OBJC_MSGSEND = YES;
				GCC_C_LANGUAGE_STANDARD = gnu99;
				GCC_NO_COMMON_BLOCKS = YES;
				GCC_WARN_64_TO_32_BIT_CONVERSION = YES;
				GCC_WARN_ABOUT_RETURN_TYPE = YES_ERROR;
				GCC_WARN_UNDECLARED_SELECTOR = YES;
				GCC_WARN_UNINITIALIZED_AUTOS = YES_AGGRESSIVE;
				GCC_WARN_UNUSED_FUNCTION = YES;
				GCC_WARN_UNUSED_VARIABLE = YES;
				IPHONEOS_DEPLOYMENT_TARGET = 10.0;
				MTL_ENABLE_DEBUG_INFO = NO;
				SDKROOT = iphoneos;
				SWIFT_OPTIMIZATION_LEVEL = "-Owholemodule";
				VALIDATE_PRODUCT = YES;
			};
			name = Release;
		};
		422FEA6C1E675E8800AFDC41 /* Debug */ = {
			isa = XCBuildConfiguration;
			buildSettings = {
				ASSETCATALOG_COMPILER_APPICON_NAME = AppIcon;
				DEVELOPMENT_TEAM = "";
				INFOPLIST_FILE = RWClean/Info.plist;
				LD_RUNPATH_SEARCH_PATHS = "$(inherited) @executable_path/Frameworks";
				PRODUCT_BUNDLE_IDENTIFIER = com.raywenderlich.RWClean;
				PRODUCT_NAME = "$(TARGET_NAME)";
				SWIFT_VERSION = 3.0;
			};
			name = Debug;
		};
		422FEA6D1E675E8800AFDC41 /* Release */ = {
			isa = XCBuildConfiguration;
			buildSettings = {
				ASSETCATALOG_COMPILER_APPICON_NAME = AppIcon;
				DEVELOPMENT_TEAM = "";
				INFOPLIST_FILE = RWClean/Info.plist;
				LD_RUNPATH_SEARCH_PATHS = "$(inherited) @executable_path/Frameworks";
				PRODUCT_BUNDLE_IDENTIFIER = com.raywenderlich.RWClean;
				PRODUCT_NAME = "$(TARGET_NAME)";
				SWIFT_VERSION = 3.0;
			};
			name = Release;
		};
/* End XCBuildConfiguration section */

/* Begin XCConfigurationList section */
		422FEA541E675E8800AFDC41 /* Build configuration list for PBXProject "RWClean" */ = {
			isa = XCConfigurationList;
			buildConfigurations = (
				422FEA691E675E8800AFDC41 /* Debug */,
				422FEA6A1E675E8800AFDC41 /* Release */,
			);
			defaultConfigurationIsVisible = 0;
			defaultConfigurationName = Release;
		};
		422FEA6B1E675E8800AFDC41 /* Build configuration list for PBXNativeTarget "RWClean" */ = {
			isa = XCConfigurationList;
			buildConfigurations = (
				422FEA6C1E675E8800AFDC41 /* Debug */,
				422FEA6D1E675E8800AFDC41 /* Release */,
			);
			defaultConfigurationIsVisible = 0;
			defaultConfigurationName = Release;
		};
/* End XCConfigurationList section */
	};
	rootObject = 422FEA511E675E8800AFDC41 /* Project object */;
}
